PODS:
  - Amplify (1.11.0):
    - Amplify/Default (= 1.11.0)
  - Amplify/Default (1.11.0)
  - amplify_api (0.0.1):
    - Amplify (~> 1.11.0)
    - amplify_core
    - AmplifyPlugins/AWSAPIPlugin (~> 1.11.0)
    - Flutter
  - amplify_auth_cognito (0.0.1):
    - Amplify (~> 1.11.0)
    - amplify_core
    - AmplifyPlugins/AWSCognitoAuthPlugin (~> 1.11.0)
    - Flutter
    - ObjectMapper
  - amplify_core (0.0.1):
    - Flutter
  - amplify_datastore (0.0.1):
    - Amplify (~> 1.11.0)
    - amplify_core
    - AmplifyPlugins/AWSDataStorePlugin (~> 1.11.0)
    - Flutter
  - amplify_flutter (0.0.1):
    - Amplify (~> 1.11.0)
    - amplify_core
    - AmplifyPlugins/AWSCognitoAuthPlugin (~> 1.11.0)
    - AWSPluginsCore (~> 1.11.0)
    - Flutter
  - AmplifyPlugins/AWSAPIPlugin (1.11.0):
    - AppSyncRealTimeClient (~> 1.4)
    - AWSCore (~> 2.24.0)
    - AWSPluginsCore (= 1.11.0)
  - AmplifyPlugins/AWSCognitoAuthPlugin (1.11.0):
    - AWSAuthCore (~> 2.24.0)
    - AWSCognitoIdentityProvider (~> 2.24.0)
    - AWSCognitoIdentityProviderASF (~> 2.24.0)
    - AWSCore (~> 2.24.0)
    - AWSMobileClient (~> 2.24.0)
    - AWSPluginsCore (= 1.11.0)
  - AmplifyPlugins/AWSDataStorePlugin (1.11.0):
    - AWSCore (~> 2.24.0)
    - AWSPluginsCore (= 1.11.0)
    - SQLite.swift (= 0.12.2)
  - AppSyncRealTimeClient (1.5.0):
    - Starscream (~> 3.1.1)
  - AWSAuthCore (2.24.5):
    - AWSCore (= 2.24.5)
  - AWSCognitoIdentityProvider (2.24.5):
    - AWSCognitoIdentityProviderASF (= 2.24.5)
    - AWSCore (= 2.24.5)
  - AWSCognitoIdentityProviderASF (2.24.5)
  - AWSCore (2.24.5)
  - AWSMobileClient (2.24.5):
    - AWSAuthCore (= 2.24.5)
    - AWSCognitoIdentityProvider (= 2.24.5)
    - AWSCognitoIdentityProviderASF (= 2.24.5)
    - AWSCore (= 2.24.5)
  - AWSPluginsCore (1.11.0):
    - Amplify (= 1.11.0)
    - AWSCore (~> 2.24.0)
  - BigInt (5.2.0)
  - CryptoSwift (0.11.0)
  - DKImagePickerController/Core (4.3.2):
    - DKImagePickerController/ImageDataManager
    - DKImagePickerController/Resource
  - DKImagePickerController/ImageDataManager (4.3.2)
  - DKImagePickerController/PhotoGallery (4.3.2):
    - DKImagePickerController/Core
    - DKPhotoGallery
  - DKImagePickerController/Resource (4.3.2)
  - DKPhotoGallery (0.0.17):
    - DKPhotoGallery/Core (= 0.0.17)
    - DKPhotoGallery/Model (= 0.0.17)
    - DKPhotoGallery/Preview (= 0.0.17)
    - DKPhotoGallery/Resource (= 0.0.17)
    - SDWebImage
    - SwiftyGif
  - DKPhotoGallery/Core (0.0.17):
    - DKPhotoGallery/Model
    - DKPhotoGallery/Preview
    - SDWebImage
    - SwiftyGif
  - DKPhotoGallery/Model (0.0.17):
    - SDWebImage
    - SwiftyGif
  - DKPhotoGallery/Preview (0.0.17):
    - DKPhotoGallery/Model
    - DKPhotoGallery/Resource
    - SDWebImage
    - SwiftyGif
  - DKPhotoGallery/Resource (0.0.17):
    - SDWebImage
    - SwiftyGif
  - file_picker (0.0.1):
    - DKImagePickerController/PhotoGallery
    - Flutter
  - Flutter (1.0.0)
  - flutter_icon_network (0.0.1):
    - Flutter
    - ICONKit (= 0.3.1)
  - FMDB (2.7.5):
    - FMDB/standard (= 2.7.5)
  - FMDB/standard (2.7.5)
  - ICONKit (0.3.1):
    - BigInt
    - CryptoSwift (~> 0.11.0)
    - Result
    - scrypt
    - secp256k1_ios (~> 0.1.3)
  - image_picker (0.0.1):
    - Flutter
  - ObjectMapper (4.2.0)
  - path_provider (0.0.1):
    - Flutter
  - Result (5.0.0)
  - scrypt (2.0):
    - CryptoSwift (~> 0.11)
  - SDWebImage (5.11.1):
    - SDWebImage/Core (= 5.11.1)
  - SDWebImage/Core (5.11.1)
  - secp256k1_ios (0.1.3)
  - sqflite (0.0.2):
    - Flutter
    - FMDB (>= 2.7.5)
  - SQLite.swift (0.12.2):
    - SQLite.swift/standard (= 0.12.2)
  - SQLite.swift/standard (0.12.2)
  - Starscream (3.1.1)
  - SwiftyGif (5.4.0)

DEPENDENCIES:
  - amplify_api (from `.symlinks/plugins/amplify_api/ios`)
  - amplify_auth_cognito (from `.symlinks/plugins/amplify_auth_cognito/ios`)
  - amplify_core (from `.symlinks/plugins/amplify_core/ios`)
  - amplify_datastore (from `.symlinks/plugins/amplify_datastore/ios`)
  - amplify_flutter (from `.symlinks/plugins/amplify_flutter/ios`)
  - file_picker (from `.symlinks/plugins/file_picker/ios`)
  - Flutter (from `Flutter`)
  - flutter_icon_network (from `.symlinks/plugins/flutter_icon_network/ios`)
  - image_picker (from `.symlinks/plugins/image_picker/ios`)
  - path_provider (from `.symlinks/plugins/path_provider/ios`)
  - sqflite (from `.symlinks/plugins/sqflite/ios`)

SPEC REPOS:
  trunk:
    - Amplify
    - AmplifyPlugins
    - AppSyncRealTimeClient
    - AWSAuthCore
    - AWSCognitoIdentityProvider
    - AWSCognitoIdentityProviderASF
    - AWSCore
    - AWSMobileClient
    - AWSPluginsCore
    - BigInt
    - CryptoSwift
    - DKImagePickerController
    - DKPhotoGallery
    - FMDB
    - ICONKit
    - ObjectMapper
    - Result
    - scrypt
    - SDWebImage
    - secp256k1_ios
    - SQLite.swift
    - Starscream
    - SwiftyGif

EXTERNAL SOURCES:
  amplify_api:
    :path: ".symlinks/plugins/amplify_api/ios"
  amplify_auth_cognito:
    :path: ".symlinks/plugins/amplify_auth_cognito/ios"
  amplify_core:
    :path: ".symlinks/plugins/amplify_core/ios"
  amplify_datastore:
    :path: ".symlinks/plugins/amplify_datastore/ios"
  amplify_flutter:
    :path: ".symlinks/plugins/amplify_flutter/ios"
  file_picker:
    :path: ".symlinks/plugins/file_picker/ios"
  Flutter:
    :path: Flutter
  flutter_icon_network:
    :path: ".symlinks/plugins/flutter_icon_network/ios"
  image_picker:
    :path: ".symlinks/plugins/image_picker/ios"
  path_provider:
    :path: ".symlinks/plugins/path_provider/ios"
  sqflite:
    :path: ".symlinks/plugins/sqflite/ios"

SPEC CHECKSUMS:
  Amplify: cf25ee17b0762b3bacd4d4d49891ddada6bee912
  amplify_api: 5ef7294d41dadf25acb1c145869931d82022a9b2
  amplify_auth_cognito: 38761b51a433d49ecf5927de45488fcbf81a8c29
  amplify_core: 8b38d20089fe4f225c14db6892f586bd03824a42
  amplify_datastore: c0f2bcf9410731862612c986a9f331cb4f8691e4
  amplify_flutter: 77665b732c1b8d04ed7f3eeb5a743f0b75838db1
  AmplifyPlugins: bb73475de41297a7244e8f3fdbf40cdad8115048
  AppSyncRealTimeClient: 2b4482b1770a3e5cf64f9714a6d198550017b5a2
  AWSAuthCore: 73f2e518d32f094b656fea905651bc3288ef05c0
  AWSCognitoIdentityProvider: d32ff306a4d3aafcdc42ce40bd36e44d3f274201
  AWSCognitoIdentityProviderASF: 1ccfe4092b617de54f203c1b728e7be6f49716c1
  AWSCore: 2d4b06b24e2f882deec23567438195818b16a3f2
  AWSMobileClient: 72e55c9c7162516feab354aa67f4d38dcecdcfc7
  AWSPluginsCore: 1670f03a8612d60bd84c541ffa34f538e4037052
  BigInt: f668a80089607f521586bbe29513d708491ef2f7
  CryptoSwift: ad5208dd2aae0a764ea4ce2c2d34bd067cae67f0
  DKImagePickerController: b5eb7f7a388e4643264105d648d01f727110fc3d
  DKPhotoGallery: fdfad5125a9fdda9cc57df834d49df790dbb4179
  file_picker: 3e6c3790de664ccf9b882732d9db5eaf6b8d4eb1
  Flutter: 434fef37c0980e73bb6479ef766c45957d4b510c
  flutter_icon_network: 05f3c00326c3e41f2975c8bed352b108a46e6d6f
  FMDB: 2ce00b547f966261cd18927a3ddb07cb6f3db82a
  ICONKit: 1e73834efe4a73f0e9574688b7b17b098948da33
  image_picker: e06f7a68f000bd36f552c1847e33cda96ed31f1f
  ObjectMapper: 1eb41f610210777375fa806bf161dc39fb832b81
  path_provider: abfe2b5c733d04e238b0d8691db0cfd63a27a93c
  Result: ed341d2f236af425b803e690e9bd8fd0a0cb7c5a
  scrypt: 3fe5b1a3b0976f97cd87488673a8f7c65708cc84
  SDWebImage: a7f831e1a65eb5e285e3fb046a23fcfbf08e696d
  secp256k1_ios: ac9ef04e761f43c58012b28548afa91493761f17
  sqflite: 6d358c025f5b867b29ed92fc697fd34924e11904
  SQLite.swift: d2b4642190917051ce6bd1d49aab565fe794eea3
  Starscream: 4bb2f9942274833f7b4d296a55504dcfc7edb7b0
  SwiftyGif: 5d4af95df24caf1c570dbbcb32a3b8a0763bc6d7

PODFILE CHECKSUM: cc1f88378b4bfcf93a6ce00d2c587857c6008d3b

COCOAPODS: 1.10.1
